<?xml version="1.0" encoding="utf-8"?>
<Project ToolsVersion="4.0" xmlns="http://schemas.microsoft.com/developer/msbuild/2003">
  <ItemGroup>
    <Filter Include="Source Files">
      <UniqueIdentifier>{4FC737F1-C7A5-4376-A066-2A32D752A2FF}</UniqueIdentifier>
      <Extensions>cpp;c;cc;cxx;def;odl;idl;hpj;bat;asm;asmx</Extensions>
    </Filter>
    <Filter Include="Header Files">
      <UniqueIdentifier>{93995380-89BD-4b04-88EB-625FBE52EBFB}</UniqueIdentifier>
      <Extensions>h;hh;hpp;hxx;hm;inl;inc;xsd</Extensions>
    </Filter>
    <Filter Include="Resource Files">
      <UniqueIdentifier>{67DA6AB6-F800-4c08-8B7A-83BB121AAD01}</UniqueIdentifier>
      <Extensions>rc;ico;cur;bmp;dlg;rc2;rct;bin;rgs;gif;jpg;jpeg;jpe;resx;tiff;tif;png;wav;mfcribbon-ms</Extensions>
    </Filter>
  </ItemGroup>
  <ItemGroup>
    <None Include="aero_deck_SLV.asc">
      <Filter>Resource Files</Filter>
    </None>
    <None Include="doc.asc">
      <Filter>Resource Files</Filter>
    </None>
    <None Include="documentation.asc">
      <Filter>Resource Files</Filter>
    </None>
    <None Include="input.asc">
      <Filter>Resource Files</Filter>
    </None>
    <None Include="readme.asc">
      <Filter>Resource Files</Filter>
    </None>
    <None Include="input_ballistic.asc">
      <Filter>Resource Files</Filter>
    </None>
    <None Include="input_insertion.asc">
      <Filter>Resource Files</Filter>
    </None>
    <None Include="input_insertion_sensitivity.asc">
      <Filter>Resource Files</Filter>
    </None>
  </ItemGroup>
  <ItemGroup>
    <ClInclude Include="class_hierarchy.hpp">
      <Filter>Header Files</Filter>
    </ClInclude>
    <ClInclude Include="global_constants.hpp">
      <Filter>Header Files</Filter>
    </ClInclude>
    <ClInclude Include="global_header.hpp">
      <Filter>Header Files</Filter>
    </ClInclude>
    <ClInclude Include="utility_header.hpp">
      <Filter>Header Files</Filter>
    </ClInclude>
  </ItemGroup>
  <ItemGroup>
    <ClCompile Include="actuator.cpp">
      <Filter>Source Files</Filter>
    </ClCompile>
    <ClCompile Include="aerodynamics.cpp">
      <Filter>Source Files</Filter>
    </ClCompile>
    <ClCompile Include="class_functions.cpp">
      <Filter>Source Files</Filter>
    </ClCompile>
    <ClCompile Include="control.cpp">
      <Filter>Source Files</Filter>
    </ClCompile>
    <ClCompile Include="environment.cpp">
      <Filter>Source Files</Filter>
    </ClCompile>
    <ClCompile Include="euler.cpp">
      <Filter>Source Files</Filter>
    </ClCompile>
    <ClCompile Include="execution.cpp">
      <Filter>Source Files</Filter>
    </ClCompile>
    <ClCompile Include="forces.cpp">
      <Filter>Source Files</Filter>
    </ClCompile>
    <ClCompile Include="global_functions.cpp">
      <Filter>Source Files</Filter>
    </ClCompile>
    <ClCompile Include="gps.cpp">
      <Filter>Source Files</Filter>
    </ClCompile>
    <ClCompile Include="guidance.cpp">
      <Filter>Source Files</Filter>
    </ClCompile>
    <ClCompile Include="hyper_functions.cpp">
      <Filter>Source Files</Filter>
    </ClCompile>
    <ClCompile Include="intercept.cpp">
      <Filter>Source Files</Filter>
    </ClCompile>
    <ClCompile Include="kinematics.cpp">
      <Filter>Source Files</Filter>
    </ClCompile>
    <ClCompile Include="newton.cpp">
      <Filter>Source Files</Filter>
    </ClCompile>
    <ClCompile Include="propulsion.cpp">
      <Filter>Source Files</Filter>
    </ClCompile>
    <ClCompile Include="rcs.cpp">
      <Filter>Source Files</Filter>
    </ClCompile>
    <ClCompile Include="startrack.cpp">
      <Filter>Source Files</Filter>
    </ClCompile>
    <ClCompile Include="tvc.cpp">
      <Filter>Source Files</Filter>
    </ClCompile>
    <ClCompile Include="utility_functions.cpp">
      <Filter>Source Files</Filter>
    </ClCompile>
    <ClCompile Include="ins.cpp">
      <Filter>Source Files</Filter>
    </ClCompile>
  </ItemGroup>
</Project>